
Microsoft Visual Studio Solution File, Format Version 12.00
# Visual Studio Version 17
VisualStudioVersion = 17.4.33213.308
MinimumVisualStudioVersion = 10.0.40219.1
Project("{9A19103F-16F7-4668-BE54-9A1E7A4F7556}") = "BidMasterOnline.API", "BidMasterOnline.API\BidMasterOnline.API.csproj", "{5B38178B-8D28-44AA-9C2E-C7E8C3D54EDD}"
EndProject
Project("{9A19103F-16F7-4668-BE54-9A1E7A4F7556}") = "BidMasterOnline.Domain", "BidMasterOnline.Domain\BidMasterOnline.Domain.csproj", "{1BB65F86-D53F-4F66-8D9B-A541E2A4950F}"
EndProject
Project("{9A19103F-16F7-4668-BE54-9A1E7A4F7556}") = "BidMasterOnline.Application", "BidMasterOnline.Application\BidMasterOnline.Application.csproj", "{F4CCB794-340E-4128-BB46-568784D97011}"
EndProject
Project("{9A19103F-16F7-4668-BE54-9A1E7A4F7556}") = "BidMasterOnline.Infrastructure", "BidMasterOnline.Infrastructure\BidMasterOnline.Infrastructure.csproj", "{E0D12DFF-5E97-4C10-B536-623B5FD50EC6}"
EndProject
Project("{E53339B2-1760-4266-BCC7-CA923CBCF16C}") = "docker-compose", "docker-compose.dcproj", "{1993C946-DBD3-491F-93B7-DDDACED3520C}"
EndProject
Global
	GlobalSection(SolutionConfigurationPlatforms) = preSolution
		Debug|Any CPU = Debug|Any CPU
		Release|Any CPU = Release|Any CPU
	EndGlobalSection
	GlobalSection(ProjectConfigurationPlatforms) = postSolution
		{5B38178B-8D28-44AA-9C2E-C7E8C3D54EDD}.Debug|Any CPU.ActiveCfg = Debug|Any CPU
		{5B38178B-8D28-44AA-9C2E-C7E8C3D54EDD}.Debug|Any CPU.Build.0 = Debug|Any CPU
		{5B38178B-8D28-44AA-9C2E-C7E8C3D54EDD}.Release|Any CPU.ActiveCfg = Release|Any CPU
		{5B38178B-8D28-44AA-9C2E-C7E8C3D54EDD}.Release|Any CPU.Build.0 = Release|Any CPU
		{1BB65F86-D53F-4F66-8D9B-A541E2A4950F}.Debug|Any CPU.ActiveCfg = Debug|Any CPU
		{1BB65F86-D53F-4F66-8D9B-A541E2A4950F}.Debug|Any CPU.Build.0 = Debug|Any CPU
		{1BB65F86-D53F-4F66-8D9B-A541E2A4950F}.Release|Any CPU.ActiveCfg = Release|Any CPU
		{1BB65F86-D53F-4F66-8D9B-A541E2A4950F}.Release|Any CPU.Build.0 = Release|Any CPU
		{F4CCB794-340E-4128-BB46-568784D97011}.Debug|Any CPU.ActiveCfg = Debug|Any CPU
		{F4CCB794-340E-4128-BB46-568784D97011}.Debug|Any CPU.Build.0 = Debug|Any CPU
		{F4CCB794-340E-4128-BB46-568784D97011}.Release|Any CPU.ActiveCfg = Release|Any CPU
		{F4CCB794-340E-4128-BB46-568784D97011}.Release|Any CPU.Build.0 = Release|Any CPU
		{E0D12DFF-5E97-4C10-B536-623B5FD50EC6}.Debug|Any CPU.ActiveCfg = Debug|Any CPU
		{E0D12DFF-5E97-4C10-B536-623B5FD50EC6}.Debug|Any CPU.Build.0 = Debug|Any CPU
		{E0D12DFF-5E97-4C10-B536-623B5FD50EC6}.Release|Any CPU.ActiveCfg = Release|Any CPU
		{E0D12DFF-5E97-4C10-B536-623B5FD50EC6}.Release|Any CPU.Build.0 = Release|Any CPU
		{1993C946-DBD3-491F-93B7-DDDACED3520C}.Debug|Any CPU.ActiveCfg = Debug|Any CPU
		{1993C946-DBD3-491F-93B7-DDDACED3520C}.Debug|Any CPU.Build.0 = Debug|Any CPU
		{1993C946-DBD3-491F-93B7-DDDACED3520C}.Release|Any CPU.ActiveCfg = Release|Any CPU
		{1993C946-DBD3-491F-93B7-DDDACED3520C}.Release|Any CPU.Build.0 = Release|Any CPU
	EndGlobalSection
	GlobalSection(SolutionProperties) = preSolution
		HideSolutionNode = FALSE
	EndGlobalSection
	GlobalSection(ExtensibilityGlobals) = postSolution
		SolutionGuid = {7498CC55-5399-4A39-A0FF-DBAD2F8F6CC0}
	EndGlobalSection
EndGlobal
