
Microsoft Visual Studio Solution File, Format Version 12.00
# Visual Studio Version 17
VisualStudioVersion = 17.4.33213.308
MinimumVisualStudioVersion = 10.0.40219.1
Project("{9A19103F-16F7-4668-BE54-9A1E7A4F7556}") = "BidMasterOnline.API", "BidMasterOnline.API\BidMasterOnline.API.csproj", "{5B38178B-8D28-44AA-9C2E-C7E8C3D54EDD}"
EndProject
Project("{9A19103F-16F7-4668-BE54-9A1E7A4F7556}") = "BidMasterOnline.Domain", "BidMasterOnline.Domain\BidMasterOnline.Domain.csproj", "{1BB65F86-D53F-4F66-8D9B-A541E2A4950F}"
EndProject
Project("{9A19103F-16F7-4668-BE54-9A1E7A4F7556}") = "BidMasterOnline.Application", "BidMasterOnline.Application\BidMasterOnline.Application.csproj", "{F4CCB794-340E-4128-BB46-568784D97011}"
EndProject
Project("{9A19103F-16F7-4668-BE54-9A1E7A4F7556}") = "BidMasterOnline.Infrastructure", "BidMasterOnline.Infrastructure\BidMasterOnline.Infrastructure.csproj", "{E0D12DFF-5E97-4C10-B536-623B5FD50EC6}"
EndProject
Project("{2150E333-8FDC-42A3-9474-1A3956D46DE8}") = "Core", "Core", "{2C1E7034-F98E-45F8-90CF-DD8D2AC10D83}"
EndProject
Project("{2150E333-8FDC-42A3-9474-1A3956D46DE8}") = "OldApp", "OldApp", "{4E3DEABB-547F-4E6C-AEBC-12A5006AD962}"
EndProject
Project("{2150E333-8FDC-42A3-9474-1A3956D46DE8}") = "Services", "Services", "{1C9A433D-A758-4C8A-98B5-A138003B0018}"
EndProject
Project("{9A19103F-16F7-4668-BE54-9A1E7A4F7556}") = "Auctions.Service.API", "Auctions.Service.API\Auctions.Service.API.csproj", "{9BD66BDB-5E46-4DD8-8C5C-DBED28FE9F66}"
EndProject
Project("{9A19103F-16F7-4668-BE54-9A1E7A4F7556}") = "Bids.Service.API", "Bids.Service.API\Bids.Service.API.csproj", "{3B44985E-8038-4747-A170-0478BC59193D}"
EndProject
Project("{9A19103F-16F7-4668-BE54-9A1E7A4F7556}") = "Feedbacks.Service.API", "Feedbacks.Service.API\Feedbacks.Service.API.csproj", "{C99825A8-3107-4284-BD4C-806A15AD8859}"
EndProject
Project("{9A19103F-16F7-4668-BE54-9A1E7A4F7556}") = "Payments.Service.API", "Payments.Service.API\Payments.Service.API.csproj", "{6FA61728-7113-4E48-9AAA-FF9FA7603172}"
EndProject
Project("{9A19103F-16F7-4668-BE54-9A1E7A4F7556}") = "Deliveries.Service.API", "Deliveries.Service.API\Deliveries.Service.API.csproj", "{B45CE82A-A321-4B92-96F2-584D9D33092A}"
EndProject
Project("{9A19103F-16F7-4668-BE54-9A1E7A4F7556}") = "Moderation.Service.API", "Moderation.Service.API\Moderation.Service.API.csproj", "{887D50C2-D3E4-435A-9151-DE26CE955641}"
EndProject
Project("{FAE04EC0-301F-11D3-BF4B-00C04F79EFBC}") = "BidMasterOnline.Core", "BidMasterOnline.Core\BidMasterOnline.Core.csproj", "{D1A74C18-2A41-481B-B4B1-C0AB8A5A594E}"
EndProject
Global
	GlobalSection(SolutionConfigurationPlatforms) = preSolution
		Debug|Any CPU = Debug|Any CPU
		Release|Any CPU = Release|Any CPU
	EndGlobalSection
	GlobalSection(ProjectConfigurationPlatforms) = postSolution
		{5B38178B-8D28-44AA-9C2E-C7E8C3D54EDD}.Debug|Any CPU.ActiveCfg = Debug|Any CPU
		{5B38178B-8D28-44AA-9C2E-C7E8C3D54EDD}.Debug|Any CPU.Build.0 = Debug|Any CPU
		{5B38178B-8D28-44AA-9C2E-C7E8C3D54EDD}.Release|Any CPU.ActiveCfg = Release|Any CPU
		{5B38178B-8D28-44AA-9C2E-C7E8C3D54EDD}.Release|Any CPU.Build.0 = Release|Any CPU
		{1BB65F86-D53F-4F66-8D9B-A541E2A4950F}.Debug|Any CPU.ActiveCfg = Debug|Any CPU
		{1BB65F86-D53F-4F66-8D9B-A541E2A4950F}.Debug|Any CPU.Build.0 = Debug|Any CPU
		{1BB65F86-D53F-4F66-8D9B-A541E2A4950F}.Release|Any CPU.ActiveCfg = Release|Any CPU
		{1BB65F86-D53F-4F66-8D9B-A541E2A4950F}.Release|Any CPU.Build.0 = Release|Any CPU
		{F4CCB794-340E-4128-BB46-568784D97011}.Debug|Any CPU.ActiveCfg = Debug|Any CPU
		{F4CCB794-340E-4128-BB46-568784D97011}.Debug|Any CPU.Build.0 = Debug|Any CPU
		{F4CCB794-340E-4128-BB46-568784D97011}.Release|Any CPU.ActiveCfg = Release|Any CPU
		{F4CCB794-340E-4128-BB46-568784D97011}.Release|Any CPU.Build.0 = Release|Any CPU
		{E0D12DFF-5E97-4C10-B536-623B5FD50EC6}.Debug|Any CPU.ActiveCfg = Debug|Any CPU
		{E0D12DFF-5E97-4C10-B536-623B5FD50EC6}.Debug|Any CPU.Build.0 = Debug|Any CPU
		{E0D12DFF-5E97-4C10-B536-623B5FD50EC6}.Release|Any CPU.ActiveCfg = Release|Any CPU
		{E0D12DFF-5E97-4C10-B536-623B5FD50EC6}.Release|Any CPU.Build.0 = Release|Any CPU
		{9BD66BDB-5E46-4DD8-8C5C-DBED28FE9F66}.Debug|Any CPU.ActiveCfg = Debug|Any CPU
		{9BD66BDB-5E46-4DD8-8C5C-DBED28FE9F66}.Debug|Any CPU.Build.0 = Debug|Any CPU
		{9BD66BDB-5E46-4DD8-8C5C-DBED28FE9F66}.Release|Any CPU.ActiveCfg = Release|Any CPU
		{9BD66BDB-5E46-4DD8-8C5C-DBED28FE9F66}.Release|Any CPU.Build.0 = Release|Any CPU
		{3B44985E-8038-4747-A170-0478BC59193D}.Debug|Any CPU.ActiveCfg = Debug|Any CPU
		{3B44985E-8038-4747-A170-0478BC59193D}.Debug|Any CPU.Build.0 = Debug|Any CPU
		{3B44985E-8038-4747-A170-0478BC59193D}.Release|Any CPU.ActiveCfg = Release|Any CPU
		{3B44985E-8038-4747-A170-0478BC59193D}.Release|Any CPU.Build.0 = Release|Any CPU
		{C99825A8-3107-4284-BD4C-806A15AD8859}.Debug|Any CPU.ActiveCfg = Debug|Any CPU
		{C99825A8-3107-4284-BD4C-806A15AD8859}.Debug|Any CPU.Build.0 = Debug|Any CPU
		{C99825A8-3107-4284-BD4C-806A15AD8859}.Release|Any CPU.ActiveCfg = Release|Any CPU
		{C99825A8-3107-4284-BD4C-806A15AD8859}.Release|Any CPU.Build.0 = Release|Any CPU
		{6FA61728-7113-4E48-9AAA-FF9FA7603172}.Debug|Any CPU.ActiveCfg = Debug|Any CPU
		{6FA61728-7113-4E48-9AAA-FF9FA7603172}.Debug|Any CPU.Build.0 = Debug|Any CPU
		{6FA61728-7113-4E48-9AAA-FF9FA7603172}.Release|Any CPU.ActiveCfg = Release|Any CPU
		{6FA61728-7113-4E48-9AAA-FF9FA7603172}.Release|Any CPU.Build.0 = Release|Any CPU
		{B45CE82A-A321-4B92-96F2-584D9D33092A}.Debug|Any CPU.ActiveCfg = Debug|Any CPU
		{B45CE82A-A321-4B92-96F2-584D9D33092A}.Debug|Any CPU.Build.0 = Debug|Any CPU
		{B45CE82A-A321-4B92-96F2-584D9D33092A}.Release|Any CPU.ActiveCfg = Release|Any CPU
		{B45CE82A-A321-4B92-96F2-584D9D33092A}.Release|Any CPU.Build.0 = Release|Any CPU
		{887D50C2-D3E4-435A-9151-DE26CE955641}.Debug|Any CPU.ActiveCfg = Debug|Any CPU
		{887D50C2-D3E4-435A-9151-DE26CE955641}.Debug|Any CPU.Build.0 = Debug|Any CPU
		{887D50C2-D3E4-435A-9151-DE26CE955641}.Release|Any CPU.ActiveCfg = Release|Any CPU
		{887D50C2-D3E4-435A-9151-DE26CE955641}.Release|Any CPU.Build.0 = Release|Any CPU
		{D1A74C18-2A41-481B-B4B1-C0AB8A5A594E}.Debug|Any CPU.ActiveCfg = Debug|Any CPU
		{D1A74C18-2A41-481B-B4B1-C0AB8A5A594E}.Debug|Any CPU.Build.0 = Debug|Any CPU
		{D1A74C18-2A41-481B-B4B1-C0AB8A5A594E}.Release|Any CPU.ActiveCfg = Release|Any CPU
		{D1A74C18-2A41-481B-B4B1-C0AB8A5A594E}.Release|Any CPU.Build.0 = Release|Any CPU
	EndGlobalSection
	GlobalSection(SolutionProperties) = preSolution
		HideSolutionNode = FALSE
	EndGlobalSection
	GlobalSection(NestedProjects) = preSolution
		{5B38178B-8D28-44AA-9C2E-C7E8C3D54EDD} = {4E3DEABB-547F-4E6C-AEBC-12A5006AD962}
		{1BB65F86-D53F-4F66-8D9B-A541E2A4950F} = {2C1E7034-F98E-45F8-90CF-DD8D2AC10D83}
		{F4CCB794-340E-4128-BB46-568784D97011} = {4E3DEABB-547F-4E6C-AEBC-12A5006AD962}
		{E0D12DFF-5E97-4C10-B536-623B5FD50EC6} = {2C1E7034-F98E-45F8-90CF-DD8D2AC10D83}
		{9BD66BDB-5E46-4DD8-8C5C-DBED28FE9F66} = {1C9A433D-A758-4C8A-98B5-A138003B0018}
		{3B44985E-8038-4747-A170-0478BC59193D} = {1C9A433D-A758-4C8A-98B5-A138003B0018}
		{C99825A8-3107-4284-BD4C-806A15AD8859} = {1C9A433D-A758-4C8A-98B5-A138003B0018}
		{6FA61728-7113-4E48-9AAA-FF9FA7603172} = {1C9A433D-A758-4C8A-98B5-A138003B0018}
		{B45CE82A-A321-4B92-96F2-584D9D33092A} = {1C9A433D-A758-4C8A-98B5-A138003B0018}
		{887D50C2-D3E4-435A-9151-DE26CE955641} = {1C9A433D-A758-4C8A-98B5-A138003B0018}
		{D1A74C18-2A41-481B-B4B1-C0AB8A5A594E} = {2C1E7034-F98E-45F8-90CF-DD8D2AC10D83}
	EndGlobalSection
	GlobalSection(ExtensibilityGlobals) = postSolution
		SolutionGuid = {7498CC55-5399-4A39-A0FF-DBAD2F8F6CC0}
	EndGlobalSection
EndGlobal
